{
    "name": "seattle-youth-data-scraper",
    "version": "1.0.0",
    "lockfileVersion": 3,
    "requires": true,
    "packages": {
        "": {
            "name": "seattle-youth-data-scraper",
            "version": "1.0.0",
            "license": "ISC",
            "dependencies": {
                "@boundaryml/baml": "^0.207.0"
            }
        },
        "node_modules/@boundaryml/baml": {
            "version": "0.207.0",
            "resolved": "https://registry.npmjs.org/@boundaryml/baml/-/baml-0.207.0.tgz",
            "integrity": "sha512-wrmxK4N/+8zM7lQKP2t3CCT0Es3+RaWAvwaO4e4xEir12n9uUyY4yrcxLL+QscK9PK3aikmJXh2a3WFur2OzJw==",
            "license": "MIT",
            "dependencies": {
                "@scarf/scarf": "^1.3.0"
            },
            "bin": {
                "baml": "cli.js",
                "baml-cli": "cli.js"
            },
            "engines": {
                "node": ">= 10"
            },
            "optionalDependencies": {
                "@boundaryml/baml-darwin-arm64": "0.207.0",
                "@boundaryml/baml-darwin-x64": "0.207.0",
                "@boundaryml/baml-linux-arm64-gnu": "0.207.0",
                "@boundaryml/baml-linux-arm64-musl": "0.207.0",
                "@boundaryml/baml-linux-x64-gnu": "0.207.0",
                "@boundaryml/baml-linux-x64-musl": "0.207.0",
                "@boundaryml/baml-win32-x64-msvc": "0.207.0"
            }
        },
        "node_modules/@boundaryml/baml-darwin-arm64": {
            "version": "0.207.0",
            "resolved": "https://registry.npmjs.org/@boundaryml/baml-darwin-arm64/-/baml-darwin-arm64-0.207.0.tgz",
            "integrity": "sha512-aq+cIzyKhOq93Ms1v9ZymbFHXtnjFCmJXEIp9LrKYhx2XdUG/tLLcg8/QP6Opca+AUHkJ6lnGrx3gohbU1jXrA==",
            "cpu": [
                "arm64"
            ],
            "license": "MIT",
            "optional": true,
            "os": [
                "darwin"
            ],
            "engines": {
                "node": ">= 10"
            }
        },
        "node_modules/@boundaryml/baml-darwin-x64": {
            "version": "0.207.0",
            "resolved": "https://registry.npmjs.org/@boundaryml/baml-darwin-x64/-/baml-darwin-x64-0.207.0.tgz",
            "integrity": "sha512-GM+2hbaFSyH3KIOhPGmchQEc30CMPbeIGKXOjUzFfyPCSR0azFiFg219EIPb956/niHCpQgAhBp0rESJ3NUb+Q==",
            "cpu": [
                "x64"
            ],
            "license": "MIT",
            "optional": true,
            "os": [
                "darwin"
            ],
            "engines": {
                "node": ">= 10"
            }
        },
        "node_modules/@boundaryml/baml-linux-arm64-gnu": {
            "version": "0.207.0",
            "resolved": "https://registry.npmjs.org/@boundaryml/baml-linux-arm64-gnu/-/baml-linux-arm64-gnu-0.207.0.tgz",
            "integrity": "sha512-EoyvsOi034ASPbkpGl4i/ld/AGVKkYUWvGEuZiF49qA1sk0zT2so9OK/VdMeLojjwdlgzKHavnI61kwj5NKrDw==",
            "cpu": [
                "arm64"
            ],
            "license": "MIT",
            "optional": true,
            "os": [
                "linux"
            ],
            "engines": {
                "node": ">= 10"
            }
        },
        "node_modules/@boundaryml/baml-linux-arm64-musl": {
            "version": "0.207.0",
            "resolved": "https://registry.npmjs.org/@boundaryml/baml-linux-arm64-musl/-/baml-linux-arm64-musl-0.207.0.tgz",
            "integrity": "sha512-uQrFntB/GjiFXsNmqES5LVbBvSOX+wX8/ZfG5pgmXu8i0JVqnfb1ADLZx+QfhtvHMFvrTzh/9klD1ZORpSaPLg==",
            "cpu": [
                "arm64"
            ],
            "license": "MIT",
            "optional": true,
            "os": [
                "linux"
            ],
            "engines": {
                "node": ">= 10"
            }
        },
        "node_modules/@boundaryml/baml-linux-x64-gnu": {
            "version": "0.207.0",
            "resolved": "https://registry.npmjs.org/@boundaryml/baml-linux-x64-gnu/-/baml-linux-x64-gnu-0.207.0.tgz",
            "integrity": "sha512-myq2fovwagxDn6Ul32gHWr7vFJJrI0SUagimuSM4Hfo4mvpLHh3KPyl435TeLnuh7hKstCTN+iL/CstJDUhskQ==",
            "cpu": [
                "x64"
            ],
            "license": "MIT",
            "optional": true,
            "os": [
                "linux"
            ],
            "engines": {
                "node": ">= 10"
            }
        },
        "node_modules/@boundaryml/baml-linux-x64-musl": {
            "version": "0.207.0",
            "resolved": "https://registry.npmjs.org/@boundaryml/baml-linux-x64-musl/-/baml-linux-x64-musl-0.207.0.tgz",
            "integrity": "sha512-l4WHDo+ap9tZyfqozlwpo+DA0v8hHrT0JzKBtcTyWjt6YDwZEoGiRp2x79qCjanT5Xh0EpUr+YuyxUtIfuu3tg==",
            "cpu": [
                "x64"
            ],
            "license": "MIT",
            "optional": true,
            "os": [
                "linux"
            ],
            "engines": {
                "node": ">= 10"
            }
        },
        "node_modules/@boundaryml/baml-win32-x64-msvc": {
            "version": "0.207.0",
            "resolved": "https://registry.npmjs.org/@boundaryml/baml-win32-x64-msvc/-/baml-win32-x64-msvc-0.207.0.tgz",
            "integrity": "sha512-YbmdPJtvacV8qnvbmL3ZyZEeEJbKCViWAPm+LmOMemm47Gr6bgsY2o6TeN/Y8jtMF4MDati71iJsjl9QYew/fg==",
            "cpu": [
                "x64"
            ],
            "license": "MIT",
            "optional": true,
            "os": [
                "win32"
            ],
            "engines": {
                "node": ">= 10"
            }
        },
        "node_modules/@scarf/scarf": {
            "version": "1.4.0",
            "resolved": "https://registry.npmjs.org/@scarf/scarf/-/scarf-1.4.0.tgz",
            "integrity": "sha512-xxeapPiUXdZAE3che6f3xogoJPeZgig6omHEy1rIY5WVsB3H2BHNnZH+gHG6x91SCWyQCzWGsuL2Hh3ClO5/qQ==",
            "hasInstallScript": true,
            "license": "Apache-2.0"
        }
    }
}
